// !$*UTF8*$!
{
	archiveVersion = 1;
	classes = {
	};
	objectVersion = 51;
	objects = {

/* Begin PBXBuildFile section */
		84469B182526F1D600ECD178 /* AppDelegate.swift in Sources */ = {isa = PBXBuildFile; fileRef = 84469B172526F1D600ECD178 /* AppDelegate.swift */; };
		84469B1A2526F1D600ECD178 /* SceneDelegate.swift in Sources */ = {isa = PBXBuildFile; fileRef = 84469B192526F1D600ECD178 /* SceneDelegate.swift */; };
		84469B1F2526F1D600ECD178 /* Main.storyboard in Resources */ = {isa = PBXBuildFile; fileRef = 84469B1D2526F1D600ECD178 /* Main.storyboard */; };
		84469B212526F1D700ECD178 /* Assets.xcassets in Resources */ = {isa = PBXBuildFile; fileRef = 84469B202526F1D700ECD178 /* Assets.xcassets */; };
		84469B242526F1D700ECD178 /* LaunchScreen.storyboard in Resources */ = {isa = PBXBuildFile; fileRef = 84469B222526F1D700ECD178 /* LaunchScreen.storyboard */; };
		84469B2F2526F1D700ECD178 /* ParstagramTests.swift in Sources */ = {isa = PBXBuildFile; fileRef = 84469B2E2526F1D700ECD178 /* ParstagramTests.swift */; };
		84469B3A2526F1D700ECD178 /* ParstagramUITests.swift in Sources */ = {isa = PBXBuildFile; fileRef = 84469B392526F1D700ECD178 /* ParstagramUITests.swift */; };
		84469B482526F44D00ECD178 /* LoginViewController.swift in Sources */ = {isa = PBXBuildFile; fileRef = 84469B472526F44D00ECD178 /* LoginViewController.swift */; };
		84469B4A2526F4AB00ECD178 /* FeedViewController.swift in Sources */ = {isa = PBXBuildFile; fileRef = 84469B492526F4AB00ECD178 /* FeedViewController.swift */; };
		84469B4C2526F6B300ECD178 /* CameraViewController.swift in Sources */ = {isa = PBXBuildFile; fileRef = 84469B4B2526F6B300ECD178 /* CameraViewController.swift */; };
		84469B50252702D700ECD178 /* PostCell.swift in Sources */ = {isa = PBXBuildFile; fileRef = 84469B4F252702D700ECD178 /* PostCell.swift */; };
		B81CC66C0A402E59529D7003 /* Pods_Parstagram.framework in Frameworks */ = {isa = PBXBuildFile; fileRef = E896741B893CB529C2C6AFAD /* Pods_Parstagram.framework */; };
		C05AB07BD81A6EC36079C370 /* Pods_Parstagram_ParstagramUITests.framework in Frameworks */ = {isa = PBXBuildFile; fileRef = D88340EB3FAFB77953C7B06B /* Pods_Parstagram_ParstagramUITests.framework */; };
		E37BA4D23DD58C7DBB0B8EB1 /* Pods_ParstagramTests.framework in Frameworks */ = {isa = PBXBuildFile; fileRef = 949B8572AB3915F8C661A438 /* Pods_ParstagramTests.framework */; };
/* End PBXBuildFile section */

/* Begin PBXContainerItemProxy section */
		84469B2B2526F1D700ECD178 /* PBXContainerItemProxy */ = {
			isa = PBXContainerItemProxy;
			containerPortal = 84469B0C2526F1D600ECD178 /* Project object */;
			proxyType = 1;
			remoteGlobalIDString = 84469B132526F1D600ECD178;
			remoteInfo = Parstagram;
		};
		84469B362526F1D700ECD178 /* PBXContainerItemProxy */ = {
			isa = PBXContainerItemProxy;
			containerPortal = 84469B0C2526F1D600ECD178 /* Project object */;
			proxyType = 1;
			remoteGlobalIDString = 84469B132526F1D600ECD178;
			remoteInfo = Parstagram;
		};
/* End PBXContainerItemProxy section */

/* Begin PBXFileReference section */
		06A9B2EE646C856A32A0983B /* Pods-ParstagramTests.debug.xcconfig */ = {isa = PBXFileReference; includeInIndex = 1; lastKnownFileType = text.xcconfig; name = "Pods-ParstagramTests.debug.xcconfig"; path = "Target Support Files/Pods-ParstagramTests/Pods-ParstagramTests.debug.xcconfig"; sourceTree = "<group>"; };
		0959B4C06B31922664A23C73 /* Pods-Parstagram.debug.xcconfig */ = {isa = PBXFileReference; includeInIndex = 1; lastKnownFileType = text.xcconfig; name = "Pods-Parstagram.debug.xcconfig"; path = "Target Support Files/Pods-Parstagram/Pods-Parstagram.debug.xcconfig"; sourceTree = "<group>"; };
		1AF08F312E9DADE0A9E24064 /* Pods-Parstagram-ParstagramUITests.release.xcconfig */ = {isa = PBXFileReference; includeInIndex = 1; lastKnownFileType = text.xcconfig; name = "Pods-Parstagram-ParstagramUITests.release.xcconfig"; path = "Target Support Files/Pods-Parstagram-ParstagramUITests/Pods-Parstagram-ParstagramUITests.release.xcconfig"; sourceTree = "<group>"; };
		84469B142526F1D600ECD178 /* Parstagram.app */ = {isa = PBXFileReference; explicitFileType = wrapper.application; includeInIndex = 0; path = Parstagram.app; sourceTree = BUILT_PRODUCTS_DIR; };
		84469B172526F1D600ECD178 /* AppDelegate.swift */ = {isa = PBXFileReference; lastKnownFileType = sourcecode.swift; path = AppDelegate.swift; sourceTree = "<group>"; };
		84469B192526F1D600ECD178 /* SceneDelegate.swift */ = {isa = PBXFileReference; lastKnownFileType = sourcecode.swift; path = SceneDelegate.swift; sourceTree = "<group>"; };
		84469B1E2526F1D600ECD178 /* Base */ = {isa = PBXFileReference; lastKnownFileType = file.storyboard; name = Base; path = Base.lproj/Main.storyboard; sourceTree = "<group>"; };
		84469B202526F1D700ECD178 /* Assets.xcassets */ = {isa = PBXFileReference; lastKnownFileType = folder.assetcatalog; path = Assets.xcassets; sourceTree = "<group>"; };
		84469B232526F1D700ECD178 /* Base */ = {isa = PBXFileReference; lastKnownFileType = file.storyboard; name = Base; path = Base.lproj/LaunchScreen.storyboard; sourceTree = "<group>"; };
		84469B252526F1D700ECD178 /* Info.plist */ = {isa = PBXFileReference; lastKnownFileType = text.plist.xml; path = Info.plist; sourceTree = "<group>"; };
		84469B2A2526F1D700ECD178 /* ParstagramTests.xctest */ = {isa = PBXFileReference; explicitFileType = wrapper.cfbundle; includeInIndex = 0; path = ParstagramTests.xctest; sourceTree = BUILT_PRODUCTS_DIR; };
		84469B2E2526F1D700ECD178 /* ParstagramTests.swift */ = {isa = PBXFileReference; lastKnownFileType = sourcecode.swift; path = ParstagramTests.swift; sourceTree = "<group>"; };
		84469B302526F1D700ECD178 /* Info.plist */ = {isa = PBXFileReference; lastKnownFileType = text.plist.xml; path = Info.plist; sourceTree = "<group>"; };
		84469B352526F1D700ECD178 /* ParstagramUITests.xctest */ = {isa = PBXFileReference; explicitFileType = wrapper.cfbundle; includeInIndex = 0; path = ParstagramUITests.xctest; sourceTree = BUILT_PRODUCTS_DIR; };
		84469B392526F1D700ECD178 /* ParstagramUITests.swift */ = {isa = PBXFileReference; lastKnownFileType = sourcecode.swift; path = ParstagramUITests.swift; sourceTree = "<group>"; };
		84469B3B2526F1D700ECD178 /* Info.plist */ = {isa = PBXFileReference; lastKnownFileType = text.plist.xml; path = Info.plist; sourceTree = "<group>"; };
		84469B472526F44D00ECD178 /* LoginViewController.swift */ = {isa = PBXFileReference; lastKnownFileType = sourcecode.swift; path = LoginViewController.swift; sourceTree = "<group>"; };
		84469B492526F4AB00ECD178 /* FeedViewController.swift */ = {isa = PBXFileReference; lastKnownFileType = sourcecode.swift; path = FeedViewController.swift; sourceTree = "<group>"; };
		84469B4B2526F6B300ECD178 /* CameraViewController.swift */ = {isa = PBXFileReference; lastKnownFileType = sourcecode.swift; path = CameraViewController.swift; sourceTree = "<group>"; };
		84469B4F252702D700ECD178 /* PostCell.swift */ = {isa = PBXFileReference; lastKnownFileType = sourcecode.swift; path = PostCell.swift; sourceTree = "<group>"; };
		949B8572AB3915F8C661A438 /* Pods_ParstagramTests.framework */ = {isa = PBXFileReference; explicitFileType = wrapper.framework; includeInIndex = 0; path = Pods_ParstagramTests.framework; sourceTree = BUILT_PRODUCTS_DIR; };
		AC4BCEC1932080C02E25ACEF /* Pods-Parstagram.release.xcconfig */ = {isa = PBXFileReference; includeInIndex = 1; lastKnownFileType = text.xcconfig; name = "Pods-Parstagram.release.xcconfig"; path = "Target Support Files/Pods-Parstagram/Pods-Parstagram.release.xcconfig"; sourceTree = "<group>"; };
		D88340EB3FAFB77953C7B06B /* Pods_Parstagram_ParstagramUITests.framework */ = {isa = PBXFileReference; explicitFileType = wrapper.framework; includeInIndex = 0; path = Pods_Parstagram_ParstagramUITests.framework; sourceTree = BUILT_PRODUCTS_DIR; };
		E896741B893CB529C2C6AFAD /* Pods_Parstagram.framework */ = {isa = PBXFileReference; explicitFileType = wrapper.framework; includeInIndex = 0; path = Pods_Parstagram.framework; sourceTree = BUILT_PRODUCTS_DIR; };
		E98BD5080EC5FE21E48FDF6F /* Pods-Parstagram-ParstagramUITests.debug.xcconfig */ = {isa = PBXFileReference; includeInIndex = 1; lastKnownFileType = text.xcconfig; name = "Pods-Parstagram-ParstagramUITests.debug.xcconfig"; path = "Target Support Files/Pods-Parstagram-ParstagramUITests/Pods-Parstagram-ParstagramUITests.debug.xcconfig"; sourceTree = "<group>"; };
		EB8A7E025973DA583ECF3308 /* Pods-ParstagramTests.release.xcconfig */ = {isa = PBXFileReference; includeInIndex = 1; lastKnownFileType = text.xcconfig; name = "Pods-ParstagramTests.release.xcconfig"; path = "Target Support Files/Pods-ParstagramTests/Pods-ParstagramTests.release.xcconfig"; sourceTree = "<group>"; };
/* End PBXFileReference section */

/* Begin PBXFrameworksBuildPhase section */
		84469B112526F1D600ECD178 /* Frameworks */ = {
			isa = PBXFrameworksBuildPhase;
			buildActionMask = 2147483647;
			files = (
				B81CC66C0A402E59529D7003 /* Pods_Parstagram.framework in Frameworks */,
			);
			runOnlyForDeploymentPostprocessing = 0;
		};
		84469B272526F1D700ECD178 /* Frameworks */ = {
			isa = PBXFrameworksBuildPhase;
			buildActionMask = 2147483647;
			files = (
				E37BA4D23DD58C7DBB0B8EB1 /* Pods_ParstagramTests.framework in Frameworks */,
			);
			runOnlyForDeploymentPostprocessing = 0;
		};
		84469B322526F1D700ECD178 /* Frameworks */ = {
			isa = PBXFrameworksBuildPhase;
			buildActionMask = 2147483647;
			files = (
				C05AB07BD81A6EC36079C370 /* Pods_Parstagram_ParstagramUITests.framework in Frameworks */,
			);
			runOnlyForDeploymentPostprocessing = 0;
		};
/* End PBXFrameworksBuildPhase section */

/* Begin PBXGroup section */
		4C7363DC0D8B768F49CD39D9 /* Frameworks */ = {
			isa = PBXGroup;
			children = (
				E896741B893CB529C2C6AFAD /* Pods_Parstagram.framework */,
				D88340EB3FAFB77953C7B06B /* Pods_Parstagram_ParstagramUITests.framework */,
				949B8572AB3915F8C661A438 /* Pods_ParstagramTests.framework */,
			);
			name = Frameworks;
			sourceTree = "<group>";
		};
		84469B0B2526F1D600ECD178 = {
			isa = PBXGroup;
			children = (
				84469B162526F1D600ECD178 /* Parstagram */,
				84469B2D2526F1D700ECD178 /* ParstagramTests */,
				84469B382526F1D700ECD178 /* ParstagramUITests */,
				84469B152526F1D600ECD178 /* Products */,
				CFD5ACC7C0AAF8C46FB52FE2 /* Pods */,
				4C7363DC0D8B768F49CD39D9 /* Frameworks */,
			);
			sourceTree = "<group>";
		};
		84469B152526F1D600ECD178 /* Products */ = {
			isa = PBXGroup;
			children = (
				84469B142526F1D600ECD178 /* Parstagram.app */,
				84469B2A2526F1D700ECD178 /* ParstagramTests.xctest */,
				84469B352526F1D700ECD178 /* ParstagramUITests.xctest */,
			);
			name = Products;
			sourceTree = "<group>";
		};
		84469B162526F1D600ECD178 /* Parstagram */ = {
			isa = PBXGroup;
			children = (
				84469B172526F1D600ECD178 /* AppDelegate.swift */,
				84469B192526F1D600ECD178 /* SceneDelegate.swift */,
				84469B1D2526F1D600ECD178 /* Main.storyboard */,
				84469B202526F1D700ECD178 /* Assets.xcassets */,
				84469B222526F1D700ECD178 /* LaunchScreen.storyboard */,
				84469B252526F1D700ECD178 /* Info.plist */,
				84469B472526F44D00ECD178 /* LoginViewController.swift */,
				84469B492526F4AB00ECD178 /* FeedViewController.swift */,
				84469B4B2526F6B300ECD178 /* CameraViewController.swift */,
				84469B4F252702D700ECD178 /* PostCell.swift */,
			);
			path = Parstagram;
			sourceTree = "<group>";
		};
		84469B2D2526F1D700ECD178 /* ParstagramTests */ = {
			isa = PBXGroup;
			children = (
				84469B2E2526F1D700ECD178 /* ParstagramTests.swift */,
				84469B302526F1D700ECD178 /* Info.plist */,
			);
			path = ParstagramTests;
			sourceTree = "<group>";
		};
		84469B382526F1D700ECD178 /* ParstagramUITests */ = {
			isa = PBXGroup;
			children = (
				84469B392526F1D700ECD178 /* ParstagramUITests.swift */,
				84469B3B2526F1D700ECD178 /* Info.plist */,
			);
			path = ParstagramUITests;
			sourceTree = "<group>";
		};
		CFD5ACC7C0AAF8C46FB52FE2 /* Pods */ = {
			isa = PBXGroup;
			children = (
				0959B4C06B31922664A23C73 /* Pods-Parstagram.debug.xcconfig */,
				AC4BCEC1932080C02E25ACEF /* Pods-Parstagram.release.xcconfig */,
				E98BD5080EC5FE21E48FDF6F /* Pods-Parstagram-ParstagramUITests.debug.xcconfig */,
				1AF08F312E9DADE0A9E24064 /* Pods-Parstagram-ParstagramUITests.release.xcconfig */,
				06A9B2EE646C856A32A0983B /* Pods-ParstagramTests.debug.xcconfig */,
				EB8A7E025973DA583ECF3308 /* Pods-ParstagramTests.release.xcconfig */,
			);
			path = Pods;
			sourceTree = "<group>";
		};
/* End PBXGroup section */

/* Begin PBXNativeTarget section */
		84469B132526F1D600ECD178 /* Parstagram */ = {
			isa = PBXNativeTarget;
			buildConfigurationList = 84469B3E2526F1D700ECD178 /* Build configuration list for PBXNativeTarget "Parstagram" */;
			buildPhases = (
				6DA01D9AC29686ADA6EF43BB /* [CP] Check Pods Manifest.lock */,
				84469B102526F1D600ECD178 /* Sources */,
				84469B112526F1D600ECD178 /* Frameworks */,
				84469B122526F1D600ECD178 /* Resources */,
				9DB4BB14C21D0CDC41EEF1ED /* [CP] Embed Pods Frameworks */,
			);
			buildRules = (
			);
			dependencies = (
			);
			name = Parstagram;
			productName = Parstagram;
			productReference = 84469B142526F1D600ECD178 /* Parstagram.app */;
			productType = "com.apple.product-type.application";
		};
		84469B292526F1D700ECD178 /* ParstagramTests */ = {
			isa = PBXNativeTarget;
			buildConfigurationList = 84469B412526F1D700ECD178 /* Build configuration list for PBXNativeTarget "ParstagramTests" */;
			buildPhases = (
				CE9109F0B230BF9CEFF8A829 /* [CP] Check Pods Manifest.lock */,
				84469B262526F1D700ECD178 /* Sources */,
				84469B272526F1D700ECD178 /* Frameworks */,
				84469B282526F1D700ECD178 /* Resources */,
			);
			buildRules = (
			);
			dependencies = (
				84469B2C2526F1D700ECD178 /* PBXTargetDependency */,
			);
			name = ParstagramTests;
			productName = ParstagramTests;
			productReference = 84469B2A2526F1D700ECD178 /* ParstagramTests.xctest */;
			productType = "com.apple.product-type.bundle.unit-test";
		};
		84469B342526F1D700ECD178 /* ParstagramUITests */ = {
			isa = PBXNativeTarget;
			buildConfigurationList = 84469B442526F1D700ECD178 /* Build configuration list for PBXNativeTarget "ParstagramUITests" */;
			buildPhases = (
				4FAFAA531BC35355659BFF09 /* [CP] Check Pods Manifest.lock */,
				84469B312526F1D700ECD178 /* Sources */,
				84469B322526F1D700ECD178 /* Frameworks */,
				84469B332526F1D700ECD178 /* Resources */,
				31E4C9FB7C64FB7E976CB1FD /* [CP] Embed Pods Frameworks */,
			);
			buildRules = (
			);
			dependencies = (
				84469B372526F1D700ECD178 /* PBXTargetDependency */,
			);
			name = ParstagramUITests;
			productName = ParstagramUITests;
			productReference = 84469B352526F1D700ECD178 /* ParstagramUITests.xctest */;
			productType = "com.apple.product-type.bundle.ui-testing";
		};
/* End PBXNativeTarget section */

/* Begin PBXProject section */
		84469B0C2526F1D600ECD178 /* Project object */ = {
			isa = PBXProject;
			attributes = {
				LastSwiftUpdateCheck = 1130;
				LastUpgradeCheck = 1130;
				ORGANIZATIONNAME = admin;
				TargetAttributes = {
					84469B132526F1D600ECD178 = {
						CreatedOnToolsVersion = 11.3;
					};
					84469B292526F1D700ECD178 = {
						CreatedOnToolsVersion = 11.3;
						TestTargetID = 84469B132526F1D600ECD178;
					};
					84469B342526F1D700ECD178 = {
						CreatedOnToolsVersion = 11.3;
						TestTargetID = 84469B132526F1D600ECD178;
					};
				};
			};
			buildConfigurationList = 84469B0F2526F1D600ECD178 /* Build configuration list for PBXProject "Parstagram" */;
			compatibilityVersion = "Xcode 9.3";
			developmentRegion = en;
			hasScannedForEncodings = 0;
			knownRegions = (
				en,
				Base,
			);
			mainGroup = 84469B0B2526F1D600ECD178;
			productRefGroup = 84469B152526F1D600ECD178 /* Products */;
			projectDirPath = "";
			projectRoot = "";
			targets = (
				84469B132526F1D600ECD178 /* Parstagram */,
				84469B292526F1D700ECD178 /* ParstagramTests */,
				84469B342526F1D700ECD178 /* ParstagramUITests */,
			);
		};
/* End PBXProject section */

/* Begin PBXResourcesBuildPhase section */
		84469B122526F1D600ECD178 /* Resources */ = {
			isa = PBXResourcesBuildPhase;
			buildActionMask = 2147483647;
			files = (
				84469B242526F1D700ECD178 /* LaunchScreen.storyboard in Resources */,
				84469B212526F1D700ECD178 /* Assets.xcassets in Resources */,
				84469B1F2526F1D600ECD178 /* Main.storyboard in Resources */,
			);
			runOnlyForDeploymentPostprocessing = 0;
		};
		84469B282526F1D700ECD178 /* Resources */ = {
			isa = PBXResourcesBuildPhase;
			buildActionMask = 2147483647;
			files = (
			);
			runOnlyForDeploymentPostprocessing = 0;
		};
		84469B332526F1D700ECD178 /* Resources */ = {
			isa = PBXResourcesBuildPhase;
			buildActionMask = 2147483647;
			files = (
			);
			runOnlyForDeploymentPostprocessing = 0;
		};
/* End PBXResourcesBuildPhase section */

/* Begin PBXShellScriptBuildPhase section */
		31E4C9FB7C64FB7E976CB1FD /* [CP] Embed Pods Frameworks */ = {
			isa = PBXShellScriptBuildPhase;
			buildActionMask = 2147483647;
			files = (
			);
			inputFileListPaths = (
				"${PODS_ROOT}/Target Support Files/Pods-Parstagram-ParstagramUITests/Pods-Parstagram-ParstagramUITests-frameworks-${CONFIGURATION}-input-files.xcfilelist",
			);
			name = "[CP] Embed Pods Frameworks";
			outputFileListPaths = (
				"${PODS_ROOT}/Target Support Files/Pods-Parstagram-ParstagramUITests/Pods-Parstagram-ParstagramUITests-frameworks-${CONFIGURATION}-output-files.xcfilelist",
			);
			runOnlyForDeploymentPostprocessing = 0;
			shellPath = /bin/sh;
			shellScript = "\"${PODS_ROOT}/Target Support Files/Pods-Parstagram-ParstagramUITests/Pods-Parstagram-ParstagramUITests-frameworks.sh\"\n";
			showEnvVarsInLog = 0;
		};
		4FAFAA531BC35355659BFF09 /* [CP] Check Pods Manifest.lock */ = {
			isa = PBXShellScriptBuildPhase;
			buildActionMask = 2147483647;
			files = (
			);
			inputFileListPaths = (
			);
			inputPaths = (
				"${PODS_PODFILE_DIR_PATH}/Podfile.lock",
				"${PODS_ROOT}/Manifest.lock",
			);
			name = "[CP] Check Pods Manifest.lock";
			outputFileListPaths = (
			);
			outputPaths = (
				"$(DERIVED_FILE_DIR)/Pods-Parstagram-ParstagramUITests-checkManifestLockResult.txt",
			);
			runOnlyForDeploymentPostprocessing = 0;
			shellPath = /bin/sh;
			shellScript = "diff \"${PODS_PODFILE_DIR_PATH}/Podfile.lock\" \"${PODS_ROOT}/Manifest.lock\" > /dev/null\nif [ $? != 0 ] ; then\n    # print error to STDERR\n    echo \"error: The sandbox is not in sync with the Podfile.lock. Run 'pod install' or update your CocoaPods installation.\" >&2\n    exit 1\nfi\n# This output is used by Xcode 'outputs' to avoid re-running this script phase.\necho \"SUCCESS\" > \"${SCRIPT_OUTPUT_FILE_0}\"\n";
			showEnvVarsInLog = 0;
		};
		6DA01D9AC29686ADA6EF43BB /* [CP] Check Pods Manifest.lock */ = {
			isa = PBXShellScriptBuildPhase;
			buildActionMask = 2147483647;
			files = (
			);
			inputFileListPaths = (
			);
			inputPaths = (
				"${PODS_PODFILE_DIR_PATH}/Podfile.lock",
				"${PODS_ROOT}/Manifest.lock",
			);
			name = "[CP] Check Pods Manifest.lock";
			outputFileListPaths = (
			);
			outputPaths = (
				"$(DERIVED_FILE_DIR)/Pods-Parstagram-checkManifestLockResult.txt",
			);
			runOnlyForDeploymentPostprocessing = 0;
			shellPath = /bin/sh;
			shellScript = "diff \"${PODS_PODFILE_DIR_PATH}/Podfile.lock\" \"${PODS_ROOT}/Manifest.lock\" > /dev/null\nif [ $? != 0 ] ; then\n    # print error to STDERR\n    echo \"error: The sandbox is not in sync with the Podfile.lock. Run 'pod install' or update your CocoaPods installation.\" >&2\n    exit 1\nfi\n# This output is used by Xcode 'outputs' to avoid re-running this script phase.\necho \"SUCCESS\" > \"${SCRIPT_OUTPUT_FILE_0}\"\n";
			showEnvVarsInLog = 0;
		};
		9DB4BB14C21D0CDC41EEF1ED /* [CP] Embed Pods Frameworks */ = {
			isa = PBXShellScriptBuildPhase;
			buildActionMask = 2147483647;
			files = (
			);
			inputFileListPaths = (
				"${PODS_ROOT}/Target Support Files/Pods-Parstagram/Pods-Parstagram-frameworks-${CONFIGURATION}-input-files.xcfilelist",
			);
			name = "[CP] Embed Pods Frameworks";
			outputFileListPaths = (
				"${PODS_ROOT}/Target Support Files/Pods-Parstagram/Pods-Parstagram-frameworks-${CONFIGURATION}-output-files.xcfilelist",
			);
			runOnlyForDeploymentPostprocessing = 0;
			shellPath = /bin/sh;
			shellScript = "\"${PODS_ROOT}/Target Support Files/Pods-Parstagram/Pods-Parstagram-frameworks.sh\"\n";
			showEnvVarsInLog = 0;
		};
		CE9109F0B230BF9CEFF8A829 /* [CP] Check Pods Manifest.lock */ = {
			isa = PBXShellScriptBuildPhase;
			buildActionMask = 2147483647;
			files = (
			);
			inputFileListPaths = (
			);
			inputPaths = (
				"${PODS_PODFILE_DIR_PATH}/Podfile.lock",
				"${PODS_ROOT}/Manifest.lock",
			);
			name = "[CP] Check Pods Manifest.lock";
			outputFileListPaths = (
			);
			outputPaths = (
				"$(DERIVED_FILE_DIR)/Pods-ParstagramTests-checkManifestLockResult.txt",
			);
			runOnlyForDeploymentPostprocessing = 0;
			shellPath = /bin/sh;
			shellScript = "diff \"${PODS_PODFILE_DIR_PATH}/Podfile.lock\" \"${PODS_ROOT}/Manifest.lock\" > /dev/null\nif [ $? != 0 ] ; then\n    # print error to STDERR\n    echo \"error: The sandbox is not in sync with the Podfile.lock. Run 'pod install' or update your CocoaPods installation.\" >&2\n    exit 1\nfi\n# This output is used by Xcode 'outputs' to avoid re-running this script phase.\necho \"SUCCESS\" > \"${SCRIPT_OUTPUT_FILE_0}\"\n";
			showEnvVarsInLog = 0;
		};
/* End PBXShellScriptBuildPhase section */

/* Begin PBXSourcesBuildPhase section */
		84469B102526F1D600ECD178 /* Sources */ = {
			isa = PBXSourcesBuildPhase;
			buildActionMask = 2147483647;
			files = (
				84469B482526F44D00ECD178 /* LoginViewController.swift in Sources */,
				84469B4C2526F6B300ECD178 /* CameraViewController.swift in Sources */,
				84469B182526F1D600ECD178 /* AppDelegate.swift in Sources */,
				84469B4A2526F4AB00ECD178 /* FeedViewController.swift in Sources */,
				84469B1A2526F1D600ECD178 /* SceneDelegate.swift in Sources */,
				84469B50252702D700ECD178 /* PostCell.swift in Sources */,
			);
			runOnlyForDeploymentPostprocessing = 0;
		};
		84469B262526F1D700ECD178 /* Sources */ = {
			isa = PBXSourcesBuildPhase;
			buildActionMask = 2147483647;
			files = (
				84469B2F2526F1D700ECD178 /* ParstagramTests.swift in Sources */,
			);
			runOnlyForDeploymentPostprocessing = 0;
		};
		84469B312526F1D700ECD178 /* Sources */ = {
			isa = PBXSourcesBuildPhase;
			buildActionMask = 2147483647;
			files = (
				84469B3A2526F1D700ECD178 /* ParstagramUITests.swift in Sources */,
			);
			runOnlyForDeploymentPostprocessing = 0;
		};
/* End PBXSourcesBuildPhase section */

/* Begin PBXTargetDependency section */
		84469B2C2526F1D700ECD178 /* PBXTargetDependency */ = {
			isa = PBXTargetDependency;
			target = 84469B132526F1D600ECD178 /* Parstagram */;
			targetProxy = 84469B2B2526F1D700ECD178 /* PBXContainerItemProxy */;
		};
		84469B372526F1D700ECD178 /* PBXTargetDependency */ = {
			isa = PBXTargetDependency;
			target = 84469B132526F1D600ECD178 /* Parstagram */;
			targetProxy = 84469B362526F1D700ECD178 /* PBXContainerItemProxy */;
		};
/* End PBXTargetDependency section */

/* Begin PBXVariantGroup section */
		84469B1D2526F1D600ECD178 /* Main.storyboard */ = {
			isa = PBXVariantGroup;
			children = (
				84469B1E2526F1D600ECD178 /* Base */,
			);
			name = Main.storyboard;
			sourceTree = "<group>";
		};
		84469B222526F1D700ECD178 /* LaunchScreen.storyboard */ = {
			isa = PBXVariantGroup;
			children = (
				84469B232526F1D700ECD178 /* Base */,
			);
			name = LaunchScreen.storyboard;
			sourceTree = "<group>";
		};
/* End PBXVariantGroup section */

/* Begin XCBuildConfiguration section */
		84469B3C2526F1D700ECD178 /* Debug */ = {
			isa = XCBuildConfiguration;
			buildSettings = {
				ALWAYS_SEARCH_USER_PATHS = NO;
				CLANG_ANALYZER_NONNULL = YES;
				CLANG_ANALYZER_NUMBER_OBJECT_CONVERSION = YES_AGGRESSIVE;
				CLANG_CXX_LANGUAGE_STANDARD = "gnu++14";
				CLANG_CXX_LIBRARY = "libc++";
				CLANG_ENABLE_MODULES = YES;
				CLANG_ENABLE_OBJC_ARC = YES;
				CLANG_ENABLE_OBJC_WEAK = YES;
				CLANG_WARN_BLOCK_CAPTURE_AUTORELEASING = YES;
				CLANG_WARN_BOOL_CONVERSION = YES;
				CLANG_WARN_COMMA = YES;
				CLANG_WARN_CONSTANT_CONVERSION = YES;
				CLANG_WARN_DEPRECATED_OBJC_IMPLEMENTATIONS = YES;
				CLANG_WARN_DIRECT_OBJC_ISA_USAGE = YES_ERROR;
				CLANG_WARN_DOCUMENTATION_COMMENTS = YES;
				CLANG_WARN_EMPTY_BODY = YES;
				CLANG_WARN_ENUM_CONVERSION = YES;
				CLANG_WARN_INFINITE_RECURSION = YES;
				CLANG_WARN_INT_CONVERSION = YES;
				CLANG_WARN_NON_LITERAL_NULL_CONVERSION = YES;
				CLANG_WARN_OBJC_IMPLICIT_RETAIN_SELF = YES;
				CLANG_WARN_OBJC_LITERAL_CONVERSION = YES;
				CLANG_WARN_OBJC_ROOT_CLASS = YES_ERROR;
				CLANG_WARN_RANGE_LOOP_ANALYSIS = YES;
				CLANG_WARN_STRICT_PROTOTYPES = YES;
				CLANG_WARN_SUSPICIOUS_MOVE = YES;
				CLANG_WARN_UNGUARDED_AVAILABILITY = YES_AGGRESSIVE;
				CLANG_WARN_UNREACHABLE_CODE = YES;
				CLANG_WARN__DUPLICATE_METHOD_MATCH = YES;
				COPY_PHASE_STRIP = NO;
				DEBUG_INFORMATION_FORMAT = dwarf;
				ENABLE_STRICT_OBJC_MSGSEND = YES;
				ENABLE_TESTABILITY = YES;
				GCC_C_LANGUAGE_STANDARD = gnu11;
				GCC_DYNAMIC_NO_PIC = NO;
				GCC_NO_COMMON_BLOCKS = YES;
				GCC_OPTIMIZATION_LEVEL = 0;
				GCC_PREPROCESSOR_DEFINITIONS = (
					"DEBUG=1",
					"$(inherited)",
				);
				GCC_WARN_64_TO_32_BIT_CONVERSION = YES;
				GCC_WARN_ABOUT_RETURN_TYPE = YES_ERROR;
				GCC_WARN_UNDECLARED_SELECTOR = YES;
				GCC_WARN_UNINITIALIZED_AUTOS = YES_AGGRESSIVE;
				GCC_WARN_UNUSED_FUNCTION = YES;
				GCC_WARN_UNUSED_VARIABLE = YES;
				IPHONEOS_DEPLOYMENT_TARGET = 13.2;
				MTL_ENABLE_DEBUG_INFO = INCLUDE_SOURCE;
				MTL_FAST_MATH = YES;
				ONLY_ACTIVE_ARCH = YES;
				SDKROOT = iphoneos;
				SWIFT_ACTIVE_COMPILATION_CONDITIONS = DEBUG;
				SWIFT_OPTIMIZATION_LEVEL = "-Onone";
			};
			name = Debug;
		};
		84469B3D2526F1D700ECD178 /* Release */ = {
			isa = XCBuildConfiguration;
			buildSettings = {
				ALWAYS_SEARCH_USER_PATHS = NO;
				CLANG_ANALYZER_NONNULL = YES;
				CLANG_ANALYZER_NUMBER_OBJECT_CONVERSION = YES_AGGRESSIVE;
				CLANG_CXX_LANGUAGE_STANDARD = "gnu++14";
				CLANG_CXX_LIBRARY = "libc++";
				CLANG_ENABLE_MODULES = YES;
				CLANG_ENABLE_OBJC_ARC = YES;
				CLANG_ENABLE_OBJC_WEAK = YES;
				CLANG_WARN_BLOCK_CAPTURE_AUTORELEASING = YES;
				CLANG_WARN_BOOL_CONVERSION = YES;
				CLANG_WARN_COMMA = YES;
				CLANG_WARN_CONSTANT_CONVERSION = YES;
				CLANG_WARN_DEPRECATED_OBJC_IMPLEMENTATIONS = YES;
				CLANG_WARN_DIRECT_OBJC_ISA_USAGE = YES_ERROR;
				CLANG_WARN_DOCUMENTATION_COMMENTS = YES;
				CLANG_WARN_EMPTY_BODY = YES;
				CLANG_WARN_ENUM_CONVERSION = YES;
				CLANG_WARN_INFINITE_RECURSION = YES;
				CLANG_WARN_INT_CONVERSION = YES;
				CLANG_WARN_NON_LITERAL_NULL_CONVERSION = YES;
				CLANG_WARN_OBJC_IMPLICIT_RETAIN_SELF = YES;
				CLANG_WARN_OBJC_LITERAL_CONVERSION = YES;
				CLANG_WARN_OBJC_ROOT_CLASS = YES_ERROR;
				CLANG_WARN_RANGE_LOOP_ANALYSIS = YES;
				CLANG_WARN_STRICT_PROTOTYPES = YES;
				CLANG_WARN_SUSPICIOUS_MOVE = YES;
				CLANG_WARN_UNGUARDED_AVAILABILITY = YES_AGGRESSIVE;
				CLANG_WARN_UNREACHABLE_CODE = YES;
				CLANG_WARN__DUPLICATE_METHOD_MATCH = YES;
				COPY_PHASE_STRIP = NO;
				DEBUG_INFORMATION_FORMAT = "dwarf-with-dsym";
				ENABLE_NS_ASSERTIONS = NO;
				ENABLE_STRICT_OBJC_MSGSEND = YES;
				GCC_C_LANGUAGE_STANDARD = gnu11;
				GCC_NO_COMMON_BLOCKS = YES;
				GCC_WARN_64_TO_32_BIT_CONVERSION = YES;
				GCC_WARN_ABOUT_RETURN_TYPE = YES_ERROR;
				GCC_WARN_UNDECLARED_SELECTOR = YES;
				GCC_WARN_UNINITIALIZED_AUTOS = YES_AGGRESSIVE;
				GCC_WARN_UNUSED_FUNCTION = YES;
				GCC_WARN_UNUSED_VARIABLE = YES;
				IPHONEOS_DEPLOYMENT_TARGET = 13.2;
				MTL_ENABLE_DEBUG_INFO = NO;
				MTL_FAST_MATH = YES;
				SDKROOT = iphoneos;
				SWIFT_COMPILATION_MODE = wholemodule;
				SWIFT_OPTIMIZATION_LEVEL = "-O";
				VALIDATE_PRODUCT = YES;
			};
			name = Release;
		};
		84469B3F2526F1D700ECD178 /* Debug */ = {
			isa = XCBuildConfiguration;
			baseConfigurationReference = 0959B4C06B31922664A23C73 /* Pods-Parstagram.debug.xcconfig */;
			buildSettings = {
				ASSETCATALOG_COMPILER_APPICON_NAME = AppIcon;
				CODE_SIGN_STYLE = Automatic;
				INFOPLIST_FILE = Parstagram/Info.plist;
				LD_RUNPATH_SEARCH_PATHS = (
					"$(inherited)",
					"@executable_path/Frameworks",
				);
				PRODUCT_BUNDLE_IDENTIFIER = com.mrugeshmaster.Parstagram;
				PRODUCT_NAME = "$(TARGET_NAME)";
				SWIFT_VERSION = 5.0;
				TARGETED_DEVICE_FAMILY = "1,2";
			};
			name = Debug;
		};
		84469B402526F1D700ECD178 /* Release */ = {
			isa = XCBuildConfiguration;
			baseConfigurationReference = AC4BCEC1932080C02E25ACEF /* Pods-Parstagram.release.xcconfig */;
			buildSettings = {
				ASSETCATALOG_COMPILER_APPICON_NAME = AppIcon;
				CODE_SIGN_STYLE = Automatic;
				INFOPLIST_FILE = Parstagram/Info.plist;
				LD_RUNPATH_SEARCH_PATHS = (
					"$(inherited)",
					"@executable_path/Frameworks",
				);
				PRODUCT_BUNDLE_IDENTIFIER = com.mrugeshmaster.Parstagram;
				PRODUCT_NAME = "$(TARGET_NAME)";
				SWIFT_VERSION = 5.0;
				TARGETED_DEVICE_FAMILY = "1,2";
			};
			name = Release;
		};
		84469B422526F1D700ECD178 /* Debug */ = {
			isa = XCBuildConfiguration;
			baseConfigurationReference = 06A9B2EE646C856A32A0983B /* Pods-ParstagramTests.debug.xcconfig */;
			buildSettings = {
				ALWAYS_EMBED_SWIFT_STANDARD_LIBRARIES = YES;
				BUNDLE_LOADER = "$(TEST_HOST)";
				CODE_SIGN_STYLE = Automatic;
				INFOPLIST_FILE = ParstagramTests/Info.plist;
				IPHONEOS_DEPLOYMENT_TARGET = 13.2;
				LD_RUNPATH_SEARCH_PATHS = (
					"$(inherited)",
					"@executable_path/Frameworks",
					"@loader_path/Frameworks",
				);
				PRODUCT_BUNDLE_IDENTIFIER = com.mrugeshmaster.ParstagramTests;
				PRODUCT_NAME = "$(TARGET_NAME)";
				SWIFT_VERSION = 5.0;
				TARGETED_DEVICE_FAMILY = "1,2";
				TEST_HOST = "$(BUILT_PRODUCTS_DIR)/Parstagram.app/Parstagram";
			};
			name = Debug;
		};
		84469B432526F1D700ECD178 /* Release */ = {
			isa = XCBuildConfiguration;
			baseConfigurationReference = EB8A7E025973DA583ECF3308 /* Pods-ParstagramTests.release.xcconfig */;
			buildSettings = {
				ALWAYS_EMBED_SWIFT_STANDARD_LIBRARIES = YES;
				BUNDLE_LOADER = "$(TEST_HOST)";
				CODE_SIGN_STYLE = Automatic;
				INFOPLIST_FILE = ParstagramTests/Info.plist;
				IPHONEOS_DEPLOYMENT_TARGET = 13.2;
				LD_RUNPATH_SEARCH_PATHS = (
					"$(inherited)",
					"@executable_path/Frameworks",
					"@loader_path/Frameworks",
				);
				PRODUCT_BUNDLE_IDENTIFIER = com.mrugeshmaster.ParstagramTests;
				PRODUCT_NAME = "$(TARGET_NAME)";
				SWIFT_VERSION = 5.0;
				TARGETED_DEVICE_FAMILY = "1,2";
				TEST_HOST = "$(BUILT_PRODUCTS_DIR)/Parstagram.app/Parstagram";
			};
			name = Release;
		};
		84469B452526F1D700ECD178 /* Debug */ = {
			isa = XCBuildConfiguration;
			baseConfigurationReference = E98BD5080EC5FE21E48FDF6F /* Pods-Parstagram-ParstagramUITests.debug.xcconfig */;
			buildSettings = {
				ALWAYS_EMBED_SWIFT_STANDARD_LIBRARIES = YES;
				CODE_SIGN_STYLE = Automatic;
				INFOPLIST_FILE = ParstagramUITests/Info.plist;
				LD_RUNPATH_SEARCH_PATHS = (
					"$(inherited)",
					"@executable_path/Frameworks",
					"@loader_path/Frameworks",
				);
				PRODUCT_BUNDLE_IDENTIFIER = com.mrugeshmaster.ParstagramUITests;
				PRODUCT_NAME = "$(TARGET_NAME)";
				SWIFT_VERSION = 5.0;
				TARGETED_DEVICE_FAMILY = "1,2";
				TEST_TARGET_NAME = Parstagram;
			};
			name = Debug;
		};
		84469B462526F1D700ECD178 /* Release */ = {
			isa = XCBuildConfiguration;
			baseConfigurationReference = 1AF08F312E9DADE0A9E24064 /* Pods-Parstagram-ParstagramUITests.release.xcconfig */;
			buildSettings = {
				ALWAYS_EMBED_SWIFT_STANDARD_LIBRARIES = YES;
				CODE_SIGN_STYLE = Automatic;
				INFOPLIST_FILE = ParstagramUITests/Info.plist;
				LD_RUNPATH_SEARCH_PATHS = (
					"$(inherited)",
					"@executable_path/Frameworks",
					"@loader_path/Frameworks",
				);
				PRODUCT_BUNDLE_IDENTIFIER = com.mrugeshmaster.ParstagramUITests;
				PRODUCT_NAME = "$(TARGET_NAME)";
				SWIFT_VERSION = 5.0;
				TARGETED_DEVICE_FAMILY = "1,2";
				TEST_TARGET_NAME = Parstagram;
			};
			name = Release;
		};
/* End XCBuildConfiguration section */

/* Begin XCConfigurationList section */
		84469B0F2526F1D600ECD178 /* Build configuration list for PBXProject "Parstagram" */ = {
			isa = XCConfigurationList;
			buildConfigurations = (
				84469B3C2526F1D700ECD178 /* Debug */,
				84469B3D2526F1D700ECD178 /* Release */,
			);
			defaultConfigurationIsVisible = 0;
			defaultConfigurationName = Release;
		};
		84469B3E2526F1D700ECD178 /* Build configuration list for PBXNativeTarget "Parstagram" */ = {
			isa = XCConfigurationList;
			buildConfigurations = (
				84469B3F2526F1D700ECD178 /* Debug */,
				84469B402526F1D700ECD178 /* Release */,
			);
			defaultConfigurationIsVisible = 0;
			defaultConfigurationName = Release;
		};
		84469B412526F1D700ECD178 /* Build configuration list for PBXNativeTarget "ParstagramTests" */ = {
			isa = XCConfigurationList;
			buildConfigurations = (
				84469B422526F1D700ECD178 /* Debug */,
				84469B432526F1D700ECD178 /* Release */,
			);
			defaultConfigurationIsVisible = 0;
			defaultConfigurationName = Release;
		};
		84469B442526F1D700ECD178 /* Build configuration list for PBXNativeTarget "ParstagramUITests" */ = {
			isa = XCConfigurationList;
			buildConfigurations = (
				84469B452526F1D700ECD178 /* Debug */,
				84469B462526F1D700ECD178 /* Release */,
			);
			defaultConfigurationIsVisible = 0;
			defaultConfigurationName = Release;
		};
/* End XCConfigurationList section */
	};
	rootObject = 84469B0C2526F1D600ECD178 /* Project object */;
}
